
Microsoft Visual Studio Solution File, Format Version 12.00
# Visual Studio Version 16
VisualStudioVersion = 16.0.29102.190
MinimumVisualStudioVersion = 10.0.40219.1
Project("{FAE04EC0-301F-11D3-BF4B-00C04F79EFBC}") = "Link10_UWP", "Link10_UWP\Link10_UWP.csproj", "{C99F765A-F7CD-4950-9FE6-30BBF8E9D625}"
EndProject
Project("{D954291E-2A0B-460D-934E-DC6B0785DB48}") = "Link10_Shared", "Link10\Link10_Shared.shproj", "{F01D771A-B956-49D7-A827-61CFA263EC0F}"
EndProject
Project("{FAE04EC0-301F-11D3-BF4B-00C04F79EFBC}") = "Link10_Win32", "Link10_Win32\Link10_Win32.csproj", "{0C254077-3228-4DA4-8749-248CB575EE63}"
EndProject
Project("{2150E333-8FDC-42A3-9474-1A3956D46DE8}") = "Samples", "Samples", "{DC499A58-C4C9-4276-9646-792CFA032BC2}"
EndProject
Project("{FAE04EC0-301F-11D3-BF4B-00C04F79EFBC}") = "Link10.AppServiceEcho", "Link10.AppServiceEcho\Link10.AppServiceEcho.csproj", "{D9D19858-3FC7-46FB-AE4C-F7E2009D05C4}"
EndProject
Project("{2150E333-8FDC-42A3-9474-1A3956D46DE8}") = "Win32", "Win32", "{2D30C38E-73B0-4382-A2CB-227E76124098}"
EndProject
Project("{FAE04EC0-301F-11D3-BF4B-00C04F79EFBC}") = "Link10.TestWin32Console", "Link10.TestWin32Console\Link10.TestWin32Console.csproj", "{B6884B77-230C-4AAC-BF00-84EF480B5793}"
EndProject
Project("{C7167F0D-BC9F-4E6E-AFE1-012C56B48DB5}") = "Link10.TestWin32Package", "Link10.TestWin32Package\Link10.TestWin32Package.wapproj", "{5388FF6A-CEF0-49A9-AE86-EBEA6A3CD91A}"
EndProject
Global
	GlobalSection(SharedMSBuildProjectFiles) = preSolution
		Link10\Link10.projitems*{0c254077-3228-4da4-8749-248cb575ee63}*SharedItemsImports = 4
		Link10\Link10.projitems*{c99f765a-f7cd-4950-9fe6-30bbf8e9d625}*SharedItemsImports = 4
		Link10\Link10.projitems*{f01d771a-b956-49d7-a827-61cfa263ec0f}*SharedItemsImports = 13
	EndGlobalSection
	GlobalSection(SolutionConfigurationPlatforms) = preSolution
		Debug|Any CPU = Debug|Any CPU
		Debug|ARM = Debug|ARM
		Debug|ARM64 = Debug|ARM64
		Debug|x64 = Debug|x64
		Debug|x86 = Debug|x86
		Release|Any CPU = Release|Any CPU
		Release|ARM = Release|ARM
		Release|ARM64 = Release|ARM64
		Release|x64 = Release|x64
		Release|x86 = Release|x86
	EndGlobalSection
	GlobalSection(ProjectConfigurationPlatforms) = postSolution
		{C99F765A-F7CD-4950-9FE6-30BBF8E9D625}.Debug|Any CPU.ActiveCfg = Debug|Any CPU
		{C99F765A-F7CD-4950-9FE6-30BBF8E9D625}.Debug|Any CPU.Build.0 = Debug|Any CPU
		{C99F765A-F7CD-4950-9FE6-30BBF8E9D625}.Debug|ARM.ActiveCfg = Debug|ARM
		{C99F765A-F7CD-4950-9FE6-30BBF8E9D625}.Debug|ARM.Build.0 = Debug|ARM
		{C99F765A-F7CD-4950-9FE6-30BBF8E9D625}.Debug|ARM64.ActiveCfg = Debug|ARM64
		{C99F765A-F7CD-4950-9FE6-30BBF8E9D625}.Debug|ARM64.Build.0 = Debug|ARM64
		{C99F765A-F7CD-4950-9FE6-30BBF8E9D625}.Debug|x64.ActiveCfg = Debug|x64
		{C99F765A-F7CD-4950-9FE6-30BBF8E9D625}.Debug|x64.Build.0 = Debug|x64
		{C99F765A-F7CD-4950-9FE6-30BBF8E9D625}.Debug|x86.ActiveCfg = Debug|x86
		{C99F765A-F7CD-4950-9FE6-30BBF8E9D625}.Debug|x86.Build.0 = Debug|x86
		{C99F765A-F7CD-4950-9FE6-30BBF8E9D625}.Release|Any CPU.ActiveCfg = Release|Any CPU
		{C99F765A-F7CD-4950-9FE6-30BBF8E9D625}.Release|Any CPU.Build.0 = Release|Any CPU
		{C99F765A-F7CD-4950-9FE6-30BBF8E9D625}.Release|ARM.ActiveCfg = Release|ARM
		{C99F765A-F7CD-4950-9FE6-30BBF8E9D625}.Release|ARM.Build.0 = Release|ARM
		{C99F765A-F7CD-4950-9FE6-30BBF8E9D625}.Release|ARM64.ActiveCfg = Release|ARM64
		{C99F765A-F7CD-4950-9FE6-30BBF8E9D625}.Release|ARM64.Build.0 = Release|ARM64
		{C99F765A-F7CD-4950-9FE6-30BBF8E9D625}.Release|x64.ActiveCfg = Release|x64
		{C99F765A-F7CD-4950-9FE6-30BBF8E9D625}.Release|x64.Build.0 = Release|x64
		{C99F765A-F7CD-4950-9FE6-30BBF8E9D625}.Release|x86.ActiveCfg = Release|x86
		{C99F765A-F7CD-4950-9FE6-30BBF8E9D625}.Release|x86.Build.0 = Release|x86
		{0C254077-3228-4DA4-8749-248CB575EE63}.Debug|Any CPU.ActiveCfg = Debug|Any CPU
		{0C254077-3228-4DA4-8749-248CB575EE63}.Debug|Any CPU.Build.0 = Debug|Any CPU
		{0C254077-3228-4DA4-8749-248CB575EE63}.Debug|ARM.ActiveCfg = Debug|Any CPU
		{0C254077-3228-4DA4-8749-248CB575EE63}.Debug|ARM.Build.0 = Debug|Any CPU
		{0C254077-3228-4DA4-8749-248CB575EE63}.Debug|ARM64.ActiveCfg = Debug|Any CPU
		{0C254077-3228-4DA4-8749-248CB575EE63}.Debug|ARM64.Build.0 = Debug|Any CPU
		{0C254077-3228-4DA4-8749-248CB575EE63}.Debug|x64.ActiveCfg = Debug|Any CPU
		{0C254077-3228-4DA4-8749-248CB575EE63}.Debug|x64.Build.0 = Debug|Any CPU
		{0C254077-3228-4DA4-8749-248CB575EE63}.Debug|x86.ActiveCfg = Debug|Any CPU
		{0C254077-3228-4DA4-8749-248CB575EE63}.Debug|x86.Build.0 = Debug|Any CPU
		{0C254077-3228-4DA4-8749-248CB575EE63}.Release|Any CPU.ActiveCfg = Release|Any CPU
		{0C254077-3228-4DA4-8749-248CB575EE63}.Release|Any CPU.Build.0 = Release|Any CPU
		{0C254077-3228-4DA4-8749-248CB575EE63}.Release|ARM.ActiveCfg = Release|Any CPU
		{0C254077-3228-4DA4-8749-248CB575EE63}.Release|ARM.Build.0 = Release|Any CPU
		{0C254077-3228-4DA4-8749-248CB575EE63}.Release|ARM64.ActiveCfg = Release|Any CPU
		{0C254077-3228-4DA4-8749-248CB575EE63}.Release|ARM64.Build.0 = Release|Any CPU
		{0C254077-3228-4DA4-8749-248CB575EE63}.Release|x64.ActiveCfg = Release|Any CPU
		{0C254077-3228-4DA4-8749-248CB575EE63}.Release|x64.Build.0 = Release|Any CPU
		{0C254077-3228-4DA4-8749-248CB575EE63}.Release|x86.ActiveCfg = Release|Any CPU
		{0C254077-3228-4DA4-8749-248CB575EE63}.Release|x86.Build.0 = Release|Any CPU
		{D9D19858-3FC7-46FB-AE4C-F7E2009D05C4}.Debug|Any CPU.ActiveCfg = Debug|x86
		{D9D19858-3FC7-46FB-AE4C-F7E2009D05C4}.Debug|ARM.ActiveCfg = Debug|ARM
		{D9D19858-3FC7-46FB-AE4C-F7E2009D05C4}.Debug|ARM.Build.0 = Debug|ARM
		{D9D19858-3FC7-46FB-AE4C-F7E2009D05C4}.Debug|ARM.Deploy.0 = Debug|ARM
		{D9D19858-3FC7-46FB-AE4C-F7E2009D05C4}.Debug|ARM64.ActiveCfg = Debug|ARM64
		{D9D19858-3FC7-46FB-AE4C-F7E2009D05C4}.Debug|ARM64.Build.0 = Debug|ARM64
		{D9D19858-3FC7-46FB-AE4C-F7E2009D05C4}.Debug|ARM64.Deploy.0 = Debug|ARM64
		{D9D19858-3FC7-46FB-AE4C-F7E2009D05C4}.Debug|x64.ActiveCfg = Debug|x64
		{D9D19858-3FC7-46FB-AE4C-F7E2009D05C4}.Debug|x64.Build.0 = Debug|x64
		{D9D19858-3FC7-46FB-AE4C-F7E2009D05C4}.Debug|x64.Deploy.0 = Debug|x64
		{D9D19858-3FC7-46FB-AE4C-F7E2009D05C4}.Debug|x86.ActiveCfg = Debug|x86
		{D9D19858-3FC7-46FB-AE4C-F7E2009D05C4}.Debug|x86.Build.0 = Debug|x86
		{D9D19858-3FC7-46FB-AE4C-F7E2009D05C4}.Debug|x86.Deploy.0 = Debug|x86
		{D9D19858-3FC7-46FB-AE4C-F7E2009D05C4}.Release|Any CPU.ActiveCfg = Release|x86
		{D9D19858-3FC7-46FB-AE4C-F7E2009D05C4}.Release|ARM.ActiveCfg = Release|ARM
		{D9D19858-3FC7-46FB-AE4C-F7E2009D05C4}.Release|ARM.Build.0 = Release|ARM
		{D9D19858-3FC7-46FB-AE4C-F7E2009D05C4}.Release|ARM.Deploy.0 = Release|ARM
		{D9D19858-3FC7-46FB-AE4C-F7E2009D05C4}.Release|ARM64.ActiveCfg = Release|ARM64
		{D9D19858-3FC7-46FB-AE4C-F7E2009D05C4}.Release|ARM64.Build.0 = Release|ARM64
		{D9D19858-3FC7-46FB-AE4C-F7E2009D05C4}.Release|ARM64.Deploy.0 = Release|ARM64
		{D9D19858-3FC7-46FB-AE4C-F7E2009D05C4}.Release|x64.ActiveCfg = Release|x64
		{D9D19858-3FC7-46FB-AE4C-F7E2009D05C4}.Release|x64.Build.0 = Release|x64
		{D9D19858-3FC7-46FB-AE4C-F7E2009D05C4}.Release|x64.Deploy.0 = Release|x64
		{D9D19858-3FC7-46FB-AE4C-F7E2009D05C4}.Release|x86.ActiveCfg = Release|x86
		{D9D19858-3FC7-46FB-AE4C-F7E2009D05C4}.Release|x86.Build.0 = Release|x86
		{D9D19858-3FC7-46FB-AE4C-F7E2009D05C4}.Release|x86.Deploy.0 = Release|x86
		{B6884B77-230C-4AAC-BF00-84EF480B5793}.Debug|Any CPU.ActiveCfg = Debug|Any CPU
		{B6884B77-230C-4AAC-BF00-84EF480B5793}.Debug|Any CPU.Build.0 = Debug|Any CPU
		{B6884B77-230C-4AAC-BF00-84EF480B5793}.Debug|ARM.ActiveCfg = Debug|Any CPU
		{B6884B77-230C-4AAC-BF00-84EF480B5793}.Debug|ARM.Build.0 = Debug|Any CPU
		{B6884B77-230C-4AAC-BF00-84EF480B5793}.Debug|ARM64.ActiveCfg = Debug|Any CPU
		{B6884B77-230C-4AAC-BF00-84EF480B5793}.Debug|ARM64.Build.0 = Debug|Any CPU
		{B6884B77-230C-4AAC-BF00-84EF480B5793}.Debug|x64.ActiveCfg = Debug|Any CPU
		{B6884B77-230C-4AAC-BF00-84EF480B5793}.Debug|x64.Build.0 = Debug|Any CPU
		{B6884B77-230C-4AAC-BF00-84EF480B5793}.Debug|x86.ActiveCfg = Debug|Any CPU
		{B6884B77-230C-4AAC-BF00-84EF480B5793}.Debug|x86.Build.0 = Debug|Any CPU
		{B6884B77-230C-4AAC-BF00-84EF480B5793}.Release|Any CPU.ActiveCfg = Release|Any CPU
		{B6884B77-230C-4AAC-BF00-84EF480B5793}.Release|Any CPU.Build.0 = Release|Any CPU
		{B6884B77-230C-4AAC-BF00-84EF480B5793}.Release|ARM.ActiveCfg = Release|Any CPU
		{B6884B77-230C-4AAC-BF00-84EF480B5793}.Release|ARM.Build.0 = Release|Any CPU
		{B6884B77-230C-4AAC-BF00-84EF480B5793}.Release|ARM64.ActiveCfg = Release|Any CPU
		{B6884B77-230C-4AAC-BF00-84EF480B5793}.Release|ARM64.Build.0 = Release|Any CPU
		{B6884B77-230C-4AAC-BF00-84EF480B5793}.Release|x64.ActiveCfg = Release|Any CPU
		{B6884B77-230C-4AAC-BF00-84EF480B5793}.Release|x64.Build.0 = Release|Any CPU
		{B6884B77-230C-4AAC-BF00-84EF480B5793}.Release|x86.ActiveCfg = Release|Any CPU
		{B6884B77-230C-4AAC-BF00-84EF480B5793}.Release|x86.Build.0 = Release|Any CPU
		{5388FF6A-CEF0-49A9-AE86-EBEA6A3CD91A}.Debug|Any CPU.ActiveCfg = Debug|Any CPU
		{5388FF6A-CEF0-49A9-AE86-EBEA6A3CD91A}.Debug|Any CPU.Build.0 = Debug|Any CPU
		{5388FF6A-CEF0-49A9-AE86-EBEA6A3CD91A}.Debug|Any CPU.Deploy.0 = Debug|Any CPU
		{5388FF6A-CEF0-49A9-AE86-EBEA6A3CD91A}.Debug|ARM.ActiveCfg = Debug|ARM
		{5388FF6A-CEF0-49A9-AE86-EBEA6A3CD91A}.Debug|ARM.Build.0 = Debug|ARM
		{5388FF6A-CEF0-49A9-AE86-EBEA6A3CD91A}.Debug|ARM.Deploy.0 = Debug|ARM
		{5388FF6A-CEF0-49A9-AE86-EBEA6A3CD91A}.Debug|ARM64.ActiveCfg = Debug|ARM64
		{5388FF6A-CEF0-49A9-AE86-EBEA6A3CD91A}.Debug|ARM64.Build.0 = Debug|ARM64
		{5388FF6A-CEF0-49A9-AE86-EBEA6A3CD91A}.Debug|ARM64.Deploy.0 = Debug|ARM64
		{5388FF6A-CEF0-49A9-AE86-EBEA6A3CD91A}.Debug|x64.ActiveCfg = Debug|x64
		{5388FF6A-CEF0-49A9-AE86-EBEA6A3CD91A}.Debug|x64.Build.0 = Debug|x64
		{5388FF6A-CEF0-49A9-AE86-EBEA6A3CD91A}.Debug|x64.Deploy.0 = Debug|x64
		{5388FF6A-CEF0-49A9-AE86-EBEA6A3CD91A}.Debug|x86.ActiveCfg = Debug|x86
		{5388FF6A-CEF0-49A9-AE86-EBEA6A3CD91A}.Debug|x86.Build.0 = Debug|x86
		{5388FF6A-CEF0-49A9-AE86-EBEA6A3CD91A}.Debug|x86.Deploy.0 = Debug|x86
		{5388FF6A-CEF0-49A9-AE86-EBEA6A3CD91A}.Release|Any CPU.ActiveCfg = Release|Any CPU
		{5388FF6A-CEF0-49A9-AE86-EBEA6A3CD91A}.Release|Any CPU.Build.0 = Release|Any CPU
		{5388FF6A-CEF0-49A9-AE86-EBEA6A3CD91A}.Release|Any CPU.Deploy.0 = Release|Any CPU
		{5388FF6A-CEF0-49A9-AE86-EBEA6A3CD91A}.Release|ARM.ActiveCfg = Release|ARM
		{5388FF6A-CEF0-49A9-AE86-EBEA6A3CD91A}.Release|ARM.Build.0 = Release|ARM
		{5388FF6A-CEF0-49A9-AE86-EBEA6A3CD91A}.Release|ARM.Deploy.0 = Release|ARM
		{5388FF6A-CEF0-49A9-AE86-EBEA6A3CD91A}.Release|ARM64.ActiveCfg = Release|ARM64
		{5388FF6A-CEF0-49A9-AE86-EBEA6A3CD91A}.Release|ARM64.Build.0 = Release|ARM64
		{5388FF6A-CEF0-49A9-AE86-EBEA6A3CD91A}.Release|ARM64.Deploy.0 = Release|ARM64
		{5388FF6A-CEF0-49A9-AE86-EBEA6A3CD91A}.Release|x64.ActiveCfg = Release|x64
		{5388FF6A-CEF0-49A9-AE86-EBEA6A3CD91A}.Release|x64.Build.0 = Release|x64
		{5388FF6A-CEF0-49A9-AE86-EBEA6A3CD91A}.Release|x64.Deploy.0 = Release|x64
		{5388FF6A-CEF0-49A9-AE86-EBEA6A3CD91A}.Release|x86.ActiveCfg = Release|x86
		{5388FF6A-CEF0-49A9-AE86-EBEA6A3CD91A}.Release|x86.Build.0 = Release|x86
		{5388FF6A-CEF0-49A9-AE86-EBEA6A3CD91A}.Release|x86.Deploy.0 = Release|x86
	EndGlobalSection
	GlobalSection(SolutionProperties) = preSolution
		HideSolutionNode = FALSE
	EndGlobalSection
	GlobalSection(NestedProjects) = preSolution
		{D9D19858-3FC7-46FB-AE4C-F7E2009D05C4} = {DC499A58-C4C9-4276-9646-792CFA032BC2}
		{2D30C38E-73B0-4382-A2CB-227E76124098} = {DC499A58-C4C9-4276-9646-792CFA032BC2}
		{B6884B77-230C-4AAC-BF00-84EF480B5793} = {2D30C38E-73B0-4382-A2CB-227E76124098}
		{5388FF6A-CEF0-49A9-AE86-EBEA6A3CD91A} = {2D30C38E-73B0-4382-A2CB-227E76124098}
	EndGlobalSection
	GlobalSection(ExtensibilityGlobals) = postSolution
		SolutionGuid = {92718B82-F7B1-43B2-B71C-06081F9C449E}
	EndGlobalSection
EndGlobal
